
Microsoft Visual Studio Solution File, Format Version 11.00
# Visual Studio 2010
Project("{FAE04EC0-301F-11D3-BF4B-00C04F79EFBC}") = "VisualStudioTestingShim", "VisualStudioTestingShim\VisualStudioTestingShim.csproj", "{530C1618-A09A-4880-9C5A-C2042B1DF9FA}"
EndProject
Project("{FAE04EC0-301F-11D3-BF4B-00C04F79EFBC}") = "VisualStudioTestingShim.MonoTouch", "VisualStudioTestingShim.MonoTouch\VisualStudioTestingShim.MonoTouch.csproj", "{B3E3E94E-0FC8-4665-B5D3-2C849A609FF3}"
EndProject
Global
	GlobalSection(SolutionConfigurationPlatforms) = preSolution
		Debug|Any CPU = Debug|Any CPU
		Release|Any CPU = Release|Any CPU
	EndGlobalSection
	GlobalSection(ProjectConfigurationPlatforms) = postSolution
		{530C1618-A09A-4880-9C5A-C2042B1DF9FA}.Debug|Any CPU.ActiveCfg = Debug|Any CPU
		{530C1618-A09A-4880-9C5A-C2042B1DF9FA}.Debug|Any CPU.Build.0 = Debug|Any CPU
		{530C1618-A09A-4880-9C5A-C2042B1DF9FA}.Release|Any CPU.ActiveCfg = Release|Any CPU
		{530C1618-A09A-4880-9C5A-C2042B1DF9FA}.Release|Any CPU.Build.0 = Release|Any CPU
		{B3E3E94E-0FC8-4665-B5D3-2C849A609FF3}.Debug|Any CPU.ActiveCfg = Debug|Any CPU
		{B3E3E94E-0FC8-4665-B5D3-2C849A609FF3}.Debug|Any CPU.Build.0 = Debug|Any CPU
		{B3E3E94E-0FC8-4665-B5D3-2C849A609FF3}.Release|Any CPU.ActiveCfg = Release|Any CPU
		{B3E3E94E-0FC8-4665-B5D3-2C849A609FF3}.Release|Any CPU.Build.0 = Release|Any CPU
	EndGlobalSection
	GlobalSection(MonoDevelopProperties) = preSolution
		StartupItem = VisualStudioTestingShim\VisualStudioTestingShim.csproj
	EndGlobalSection
EndGlobal
